// !$*UTF8*$!
{
	archiveVersion = 1;
	classes = {
	};
	objectVersion = 48;
	objects = {

/* Begin PBXBuildFile section */
		3AD6CB831FE66E0900C48095 /* AppDelegate.swift in Sources */ = {isa = PBXBuildFile; fileRef = 3AD6CB821FE66E0900C48095 /* AppDelegate.swift */; };
		3AD6CB851FE66E0900C48095 /* WelcomeVC.swift in Sources */ = {isa = PBXBuildFile; fileRef = 3AD6CB841FE66E0900C48095 /* WelcomeVC.swift */; };
		3AD6CB881FE66E0900C48095 /* Main.storyboard in Resources */ = {isa = PBXBuildFile; fileRef = 3AD6CB861FE66E0900C48095 /* Main.storyboard */; };
		3AD6CB8A1FE66E0900C48095 /* Assets.xcassets in Resources */ = {isa = PBXBuildFile; fileRef = 3AD6CB891FE66E0900C48095 /* Assets.xcassets */; };
		3AD6CB8D1FE66E0900C48095 /* LaunchScreen.storyboard in Resources */ = {isa = PBXBuildFile; fileRef = 3AD6CB8B1FE66E0900C48095 /* LaunchScreen.storyboard */; };
		3AD6CB961FE6747700C48095 /* BorderButton.swift in Sources */ = {isa = PBXBuildFile; fileRef = 3AD6CB951FE6747700C48095 /* BorderButton.swift */; };
		3AD6CB9A1FE6B5A600C48095 /* LeagueVC.swift in Sources */ = {isa = PBXBuildFile; fileRef = 3AD6CB991FE6B5A600C48095 /* LeagueVC.swift */; };
		3AD6CB9C1FE6B5C700C48095 /* SkillVC.swift in Sources */ = {isa = PBXBuildFile; fileRef = 3AD6CB9B1FE6B5C700C48095 /* SkillVC.swift */; };
/* End PBXBuildFile section */

/* Begin PBXFileReference section */
		3AD6CB7F1FE66E0900C48095 /* swoos.app */ = {isa = PBXFileReference; explicitFileType = wrapper.application; includeInIndex = 0; path = swoos.app; sourceTree = BUILT_PRODUCTS_DIR; };
		3AD6CB821FE66E0900C48095 /* AppDelegate.swift */ = {isa = PBXFileReference; lastKnownFileType = sourcecode.swift; path = AppDelegate.swift; sourceTree = "<group>"; };
		3AD6CB841FE66E0900C48095 /* WelcomeVC.swift */ = {isa = PBXFileReference; lastKnownFileType = sourcecode.swift; path = WelcomeVC.swift; sourceTree = "<group>"; };
		3AD6CB871FE66E0900C48095 /* Base */ = {isa = PBXFileReference; lastKnownFileType = file.storyboard; name = Base; path = Base.lproj/Main.storyboard; sourceTree = "<group>"; };
		3AD6CB891FE66E0900C48095 /* Assets.xcassets */ = {isa = PBXFileReference; lastKnownFileType = folder.assetcatalog; path = Assets.xcassets; sourceTree = "<group>"; };
		3AD6CB8C1FE66E0900C48095 /* Base */ = {isa = PBXFileReference; lastKnownFileType = file.storyboard; name = Base; path = Base.lproj/LaunchScreen.storyboard; sourceTree = "<group>"; };
		3AD6CB8E1FE66E0A00C48095 /* Info.plist */ = {isa = PBXFileReference; lastKnownFileType = text.plist.xml; path = Info.plist; sourceTree = "<group>"; };
		3AD6CB951FE6747700C48095 /* BorderButton.swift */ = {isa = PBXFileReference; lastKnownFileType = sourcecode.swift; path = BorderButton.swift; sourceTree = "<group>"; };
		3AD6CB991FE6B5A600C48095 /* LeagueVC.swift */ = {isa = PBXFileReference; lastKnownFileType = sourcecode.swift; path = LeagueVC.swift; sourceTree = "<group>"; };
		3AD6CB9B1FE6B5C700C48095 /* SkillVC.swift */ = {isa = PBXFileReference; lastKnownFileType = sourcecode.swift; path = SkillVC.swift; sourceTree = "<group>"; };
/* End PBXFileReference section */

/* Begin PBXFrameworksBuildPhase section */
		3AD6CB7C1FE66E0900C48095 /* Frameworks */ = {
			isa = PBXFrameworksBuildPhase;
			buildActionMask = 2147483647;
			files = (
			);
			runOnlyForDeploymentPostprocessing = 0;
		};
/* End PBXFrameworksBuildPhase section */

/* Begin PBXGroup section */
		3AD6CB761FE66E0900C48095 = {
			isa = PBXGroup;
			children = (
				3AD6CB811FE66E0900C48095 /* swoos */,
				3AD6CB801FE66E0900C48095 /* Products */,
			);
			sourceTree = "<group>";
		};
		3AD6CB801FE66E0900C48095 /* Products */ = {
			isa = PBXGroup;
			children = (
				3AD6CB7F1FE66E0900C48095 /* swoos.app */,
			);
			name = Products;
			sourceTree = "<group>";
		};
		3AD6CB811FE66E0900C48095 /* swoos */ = {
			isa = PBXGroup;
			children = (
				3AD6CB981FE6B45700C48095 /* Controller */,
				3AD6CB971FE6B44C00C48095 /* Model */,
				3AD6CB941FE6743300C48095 /* view */,
				3AD6CB821FE66E0900C48095 /* AppDelegate.swift */,
				3AD6CB861FE66E0900C48095 /* Main.storyboard */,
				3AD6CB891FE66E0900C48095 /* Assets.xcassets */,
				3AD6CB8B1FE66E0900C48095 /* LaunchScreen.storyboard */,
				3AD6CB8E1FE66E0A00C48095 /* Info.plist */,
			);
			path = swoos;
			sourceTree = "<group>";
		};
		3AD6CB941FE6743300C48095 /* view */ = {
			isa = PBXGroup;
			children = (
				3AD6CB951FE6747700C48095 /* BorderButton.swift */,
			);
			path = view;
			sourceTree = "<group>";
		};
		3AD6CB971FE6B44C00C48095 /* Model */ = {
			isa = PBXGroup;
			children = (
			);
			path = Model;
			sourceTree = "<group>";
		};
		3AD6CB981FE6B45700C48095 /* Controller */ = {
			isa = PBXGroup;
			children = (
				3AD6CB841FE66E0900C48095 /* WelcomeVC.swift */,
				3AD6CB991FE6B5A600C48095 /* LeagueVC.swift */,
				3AD6CB9B1FE6B5C700C48095 /* SkillVC.swift */,
			);
			path = Controller;
			sourceTree = "<group>";
		};
/* End PBXGroup section */

/* Begin PBXNativeTarget section */
		3AD6CB7E1FE66E0900C48095 /* swoos */ = {
			isa = PBXNativeTarget;
			buildConfigurationList = 3AD6CB911FE66E0A00C48095 /* Build configuration list for PBXNativeTarget "swoos" */;
			buildPhases = (
				3AD6CB7B1FE66E0900C48095 /* Sources */,
				3AD6CB7C1FE66E0900C48095 /* Frameworks */,
				3AD6CB7D1FE66E0900C48095 /* Resources */,
			);
			buildRules = (
			);
			dependencies = (
			);
			name = swoos;
			productName = swoos;
			productReference = 3AD6CB7F1FE66E0900C48095 /* swoos.app */;
			productType = "com.apple.product-type.application";
		};
/* End PBXNativeTarget section */

/* Begin PBXProject section */
		3AD6CB771FE66E0900C48095 /* Project object */ = {
			isa = PBXProject;
			attributes = {
				LastSwiftUpdateCheck = 0910;
				LastUpgradeCheck = 0910;
				ORGANIZATIONNAME = "pratama setya aji";
				TargetAttributes = {
					3AD6CB7E1FE66E0900C48095 = {
						CreatedOnToolsVersion = 9.1;
						ProvisioningStyle = Automatic;
					};
				};
			};
			buildConfigurationList = 3AD6CB7A1FE66E0900C48095 /* Build configuration list for PBXProject "swoos" */;
			compatibilityVersion = "Xcode 8.0";
			developmentRegion = en;
			hasScannedForEncodings = 0;
			knownRegions = (
				en,
				Base,
			);
			mainGroup = 3AD6CB761FE66E0900C48095;
			productRefGroup = 3AD6CB801FE66E0900C48095 /* Products */;
			projectDirPath = "";
			projectRoot = "";
			targets = (
				3AD6CB7E1FE66E0900C48095 /* swoos */,
			);
		};
/* End PBXProject section */

/* Begin PBXResourcesBuildPhase section */
		3AD6CB7D1FE66E0900C48095 /* Resources */ = {
			isa = PBXResourcesBuildPhase;
			buildActionMask = 2147483647;
			files = (
				3AD6CB8D1FE66E0900C48095 /* LaunchScreen.storyboard in Resources */,
				3AD6CB8A1FE66E0900C48095 /* Assets.xcassets in Resources */,
				3AD6CB881FE66E0900C48095 /* Main.storyboard in Resources */,
			);
			runOnlyForDeploymentPostprocessing = 0;
		};
/* End PBXResourcesBuildPhase section */

/* Begin PBXSourcesBuildPhase section */
		3AD6CB7B1FE66E0900C48095 /* Sources */ = {
			isa = PBXSourcesBuildPhase;
			buildActionMask = 2147483647;
			files = (
				3AD6CB851FE66E0900C48095 /* WelcomeVC.swift in Sources */,
				3AD6CB9A1FE6B5A600C48095 /* LeagueVC.swift in Sources */,
				3AD6CB831FE66E0900C48095 /* AppDelegate.swift in Sources */,
				3AD6CB9C1FE6B5C700C48095 /* SkillVC.swift in Sources */,
				3AD6CB961FE6747700C48095 /* BorderButton.swift in Sources */,
			);
			runOnlyForDeploymentPostprocessing = 0;
		};
/* End PBXSourcesBuildPhase section */

/* Begin PBXVariantGroup section */
		3AD6CB861FE66E0900C48095 /* Main.storyboard */ = {
			isa = PBXVariantGroup;
			children = (
				3AD6CB871FE66E0900C48095 /* Base */,
			);
			name = Main.storyboard;
			sourceTree = "<group>";
		};
		3AD6CB8B1FE66E0900C48095 /* LaunchScreen.storyboard */ = {
			isa = PBXVariantGroup;
			children = (
				3AD6CB8C1FE66E0900C48095 /* Base */,
			);
			name = LaunchScreen.storyboard;
			sourceTree = "<group>";
		};
/* End PBXVariantGroup section */

/* Begin XCBuildConfiguration section */
		3AD6CB8F1FE66E0A00C48095 /* Debug */ = {
			isa = XCBuildConfiguration;
			buildSettings = {
				ALWAYS_SEARCH_USER_PATHS = NO;
				CLANG_ANALYZER_NONNULL = YES;
				CLANG_ANALYZER_NUMBER_OBJECT_CONVERSION = YES_AGGRESSIVE;
				CLANG_CXX_LANGUAGE_STANDARD = "gnu++14";
				CLANG_CXX_LIBRARY = "libc++";
				CLANG_ENABLE_MODULES = YES;
				CLANG_ENABLE_OBJC_ARC = YES;
				CLANG_WARN_BLOCK_CAPTURE_AUTORELEASING = YES;
				CLANG_WARN_BOOL_CONVERSION = YES;
				CLANG_WARN_COMMA = YES;
				CLANG_WARN_CONSTANT_CONVERSION = YES;
				CLANG_WARN_DIRECT_OBJC_ISA_USAGE = YES_ERROR;
				CLANG_WARN_DOCUMENTATION_COMMENTS = YES;
				CLANG_WARN_EMPTY_BODY = YES;
				CLANG_WARN_ENUM_CONVERSION = YES;
				CLANG_WARN_INFINITE_RECURSION = YES;
				CLANG_WARN_INT_CONVERSION = YES;
				CLANG_WARN_NON_LITERAL_NULL_CONVERSION = YES;
				CLANG_WARN_OBJC_LITERAL_CONVERSION = YES;
				CLANG_WARN_OBJC_ROOT_CLASS = YES_ERROR;
				CLANG_WARN_RANGE_LOOP_ANALYSIS = YES;
				CLANG_WARN_STRICT_PROTOTYPES = YES;
				CLANG_WARN_SUSPICIOUS_MOVE = YES;
				CLANG_WARN_UNGUARDED_AVAILABILITY = YES_AGGRESSIVE;
				CLANG_WARN_UNREACHABLE_CODE = YES;
				CLANG_WARN__DUPLICATE_METHOD_MATCH = YES;
				CODE_SIGN_IDENTITY = "iPhone Developer";
				COPY_PHASE_STRIP = NO;
				DEBUG_INFORMATION_FORMAT = dwarf;
				ENABLE_STRICT_OBJC_MSGSEND = YES;
				ENABLE_TESTABILITY = YES;
				GCC_C_LANGUAGE_STANDARD = gnu11;
				GCC_DYNAMIC_NO_PIC = NO;
				GCC_NO_COMMON_BLOCKS = YES;
				GCC_OPTIMIZATION_LEVEL = 0;
				GCC_PREPROCESSOR_DEFINITIONS = (
					"DEBUG=1",
					"$(inherited)",
				);
				GCC_WARN_64_TO_32_BIT_CONVERSION = YES;
				GCC_WARN_ABOUT_RETURN_TYPE = YES_ERROR;
				GCC_WARN_UNDECLARED_SELECTOR = YES;
				GCC_WARN_UNINITIALIZED_AUTOS = YES_AGGRESSIVE;
				GCC_WARN_UNUSED_FUNCTION = YES;
				GCC_WARN_UNUSED_VARIABLE = YES;
				IPHONEOS_DEPLOYMENT_TARGET = 11.1;
				MTL_ENABLE_DEBUG_INFO = YES;
				ONLY_ACTIVE_ARCH = YES;
				SDKROOT = iphoneos;
				SWIFT_ACTIVE_COMPILATION_CONDITIONS = DEBUG;
				SWIFT_OPTIMIZATION_LEVEL = "-Onone";
			};
			name = Debug;
		};
		3AD6CB901FE66E0A00C48095 /* Release */ = {
			isa = XCBuildConfiguration;
			buildSettings = {
				ALWAYS_SEARCH_USER_PATHS = NO;
				CLANG_ANALYZER_NONNULL = YES;
				CLANG_ANALYZER_NUMBER_OBJECT_CONVERSION = YES_AGGRESSIVE;
				CLANG_CXX_LANGUAGE_STANDARD = "gnu++14";
				CLANG_CXX_LIBRARY = "libc++";
				CLANG_ENABLE_MODULES = YES;
				CLANG_ENABLE_OBJC_ARC = YES;
				CLANG_WARN_BLOCK_CAPTURE_AUTORELEASING = YES;
				CLANG_WARN_BOOL_CONVERSION = YES;
				CLANG_WARN_COMMA = YES;
				CLANG_WARN_CONSTANT_CONVERSION = YES;
				CLANG_WARN_DIRECT_OBJC_ISA_USAGE = YES_ERROR;
				CLANG_WARN_DOCUMENTATION_COMMENTS = YES;
				CLANG_WARN_EMPTY_BODY = YES;
				CLANG_WARN_ENUM_CONVERSION = YES;
				CLANG_WARN_INFINITE_RECURSION = YES;
				CLANG_WARN_INT_CONVERSION = YES;
				CLANG_WARN_NON_LITERAL_NULL_CONVERSION = YES;
				CLANG_WARN_OBJC_LITERAL_CONVERSION = YES;
				CLANG_WARN_OBJC_ROOT_CLASS = YES_ERROR;
				CLANG_WARN_RANGE_LOOP_ANALYSIS = YES;
				CLANG_WARN_STRICT_PROTOTYPES = YES;
				CLANG_WARN_SUSPICIOUS_MOVE = YES;
				CLANG_WARN_UNGUARDED_AVAILABILITY = YES_AGGRESSIVE;
				CLANG_WARN_UNREACHABLE_CODE = YES;
				CLANG_WARN__DUPLICATE_METHOD_MATCH = YES;
				CODE_SIGN_IDENTITY = "iPhone Developer";
				COPY_PHASE_STRIP = NO;
				DEBUG_INFORMATION_FORMAT = "dwarf-with-dsym";
				ENABLE_NS_ASSERTIONS = NO;
				ENABLE_STRICT_OBJC_MSGSEND = YES;
				GCC_C_LANGUAGE_STANDARD = gnu11;
				GCC_NO_COMMON_BLOCKS = YES;
				GCC_WARN_64_TO_32_BIT_CONVERSION = YES;
				GCC_WARN_ABOUT_RETURN_TYPE = YES_ERROR;
				GCC_WARN_UNDECLARED_SELECTOR = YES;
				GCC_WARN_UNINITIALIZED_AUTOS = YES_AGGRESSIVE;
				GCC_WARN_UNUSED_FUNCTION = YES;
				GCC_WARN_UNUSED_VARIABLE = YES;
				IPHONEOS_DEPLOYMENT_TARGET = 11.1;
				MTL_ENABLE_DEBUG_INFO = NO;
				SDKROOT = iphoneos;
				SWIFT_OPTIMIZATION_LEVEL = "-Owholemodule";
				VALIDATE_PRODUCT = YES;
			};
			name = Release;
		};
		3AD6CB921FE66E0A00C48095 /* Debug */ = {
			isa = XCBuildConfiguration;
			buildSettings = {
				ASSETCATALOG_COMPILER_APPICON_NAME = AppIcon;
				CODE_SIGN_STYLE = Automatic;
				DEVELOPMENT_TEAM = HMV2M6PQQP;
				INFOPLIST_FILE = swoos/Info.plist;
				IPHONEOS_DEPLOYMENT_TARGET = 11.0;
				LD_RUNPATH_SEARCH_PATHS = "$(inherited) @executable_path/Frameworks";
				PRODUCT_BUNDLE_IDENTIFIER = pratama.swoos;
				PRODUCT_NAME = "$(TARGET_NAME)";
				SWIFT_VERSION = 4.0;
				TARGETED_DEVICE_FAMILY = "1,2";
			};
			name = Debug;
		};
		3AD6CB931FE66E0A00C48095 /* Release */ = {
			isa = XCBuildConfiguration;
			buildSettings = {
				ASSETCATALOG_COMPILER_APPICON_NAME = AppIcon;
				CODE_SIGN_STYLE = Automatic;
				DEVELOPMENT_TEAM = HMV2M6PQQP;
				INFOPLIST_FILE = swoos/Info.plist;
				IPHONEOS_DEPLOYMENT_TARGET = 11.0;
				LD_RUNPATH_SEARCH_PATHS = "$(inherited) @executable_path/Frameworks";
				PRODUCT_BUNDLE_IDENTIFIER = pratama.swoos;
				PRODUCT_NAME = "$(TARGET_NAME)";
				SWIFT_VERSION = 4.0;
				TARGETED_DEVICE_FAMILY = "1,2";
			};
			name = Release;
		};
/* End XCBuildConfiguration section */

/* Begin XCConfigurationList section */
		3AD6CB7A1FE66E0900C48095 /* Build configuration list for PBXProject "swoos" */ = {
			isa = XCConfigurationList;
			buildConfigurations = (
				3AD6CB8F1FE66E0A00C48095 /* Debug */,
				3AD6CB901FE66E0A00C48095 /* Release */,
			);
			defaultConfigurationIsVisible = 0;
			defaultConfigurationName = Release;
		};
		3AD6CB911FE66E0A00C48095 /* Build configuration list for PBXNativeTarget "swoos" */ = {
			isa = XCConfigurationList;
			buildConfigurations = (
				3AD6CB921FE66E0A00C48095 /* Debug */,
				3AD6CB931FE66E0A00C48095 /* Release */,
			);
			defaultConfigurationIsVisible = 0;
			defaultConfigurationName = Release;
		};
/* End XCConfigurationList section */
	};
	rootObject = 3AD6CB771FE66E0900C48095 /* Project object */;
}
